version = 1
revision = 3
requires-python = ">=3.13"

[[package]]
name = "ibmmq"
version = "2.1.0"
source = { registry = "https://pypi.org/simple" }
sdist = { url = "https://files.pythonhosted.org/packages/6a/6b/e8e38a3e1b828c029e4b0aa39ecdd940319ffe725273a0f8be6efae88a7c/ibmmq-2.1.0.tar.gz", hash = "sha256:63ac906290700b55e88cc7c32232579e4419aba209830b6009d6d89cbb089555", size = 436005, upload-time = "2026-06-17T11:48:41.238Z" }
wheels = [
    { url = "https://files.pythonhosted.org/packages/2d/e6/d17301d1171dea40b6ed642557174c0de78fea46568756106d143e98cc88/ibmmq-2.1.0-cp39-abi3-macosx_11_0_arm64.whl", hash = "sha256:9dbb2b509ec1e86a8111480e35c5b346fa21bae7266c35634d76dd377da80fdb", size = 395482, upload-time = "2026-06-17T11:48:36.803Z" },
    { url = "https://files.pythonhosted.org/packages/20/09/e833b4e18115c94df8b3e6c293755a1cdb5bbd30b935ecc71b89e0206874/ibmmq-2.1.0-cp39-abi3-win_amd64.whl", hash = "sha256:5d68c837f216721b2d6d7495cf91c717670a5cec383b28aa584616a9c48c1c30", size = 400532, upload-time = "2026-06-17T11:48:38.923Z" },
]

[[package]]
name = "pymq"
version = "0.1.0"
source = { virtual = "." }
dependencies = [
    { name = "ibmmq" },
]

[package.metadata]
requires-dist = [{ name = "ibmmq", specifier = ">=2.1.0" }]
